// !$*UTF8*$!
{
	archiveVersion = 1;
	classes = {
	};
	objectVersion = 50;
	objects = {

/* Begin PBXBuildFile section */
		7016971425EF726400F1B20E /* TikTok_Stats_ProfileApp.swift in Sources */ = {isa = PBXBuildFile; fileRef = 7016971325EF726400F1B20E /* TikTok_Stats_ProfileApp.swift */; };
		7016971625EF726400F1B20E /* ContentView.swift in Sources */ = {isa = PBXBuildFile; fileRef = 7016971525EF726400F1B20E /* ContentView.swift */; };
		7016971825EF726600F1B20E /* Assets.xcassets in Resources */ = {isa = PBXBuildFile; fileRef = 7016971725EF726600F1B20E /* Assets.xcassets */; };
		7016971B25EF726600F1B20E /* Preview Assets.xcassets in Resources */ = {isa = PBXBuildFile; fileRef = 7016971A25EF726600F1B20E /* Preview Assets.xcassets */; };
		7032FAAC25F3D03400BF32D8 /* SearchAlert.swift in Sources */ = {isa = PBXBuildFile; fileRef = 7032FAAB25F3D03400BF32D8 /* SearchAlert.swift */; };
		705F390925F0D2EC0077AAD7 /* Persistence.swift in Sources */ = {isa = PBXBuildFile; fileRef = 705F390825F0D2EC0077AAD7 /* Persistence.swift */; };
		705F391225F0D77F0077AAD7 /* TodosList.xcdatamodeld in Sources */ = {isa = PBXBuildFile; fileRef = 705F391025F0D77F0077AAD7 /* TodosList.xcdatamodeld */; };
/* End PBXBuildFile section */

/* Begin PBXFileReference section */
		7016971025EF726400F1B20E /* TikTok Stats Profile.app */ = {isa = PBXFileReference; explicitFileType = wrapper.application; includeInIndex = 0; path = "TikTok Stats Profile.app"; sourceTree = BUILT_PRODUCTS_DIR; };
		7016971325EF726400F1B20E /* TikTok_Stats_ProfileApp.swift */ = {isa = PBXFileReference; lastKnownFileType = sourcecode.swift; path = TikTok_Stats_ProfileApp.swift; sourceTree = "<group>"; };
		7016971525EF726400F1B20E /* ContentView.swift */ = {isa = PBXFileReference; lastKnownFileType = sourcecode.swift; path = ContentView.swift; sourceTree = "<group>"; };
		7016971725EF726600F1B20E /* Assets.xcassets */ = {isa = PBXFileReference; lastKnownFileType = folder.assetcatalog; path = Assets.xcassets; sourceTree = "<group>"; };
		7016971A25EF726600F1B20E /* Preview Assets.xcassets */ = {isa = PBXFileReference; lastKnownFileType = folder.assetcatalog; path = "Preview Assets.xcassets"; sourceTree = "<group>"; };
		7016971C25EF726600F1B20E /* Info.plist */ = {isa = PBXFileReference; lastKnownFileType = text.plist.xml; path = Info.plist; sourceTree = "<group>"; };
		7032FAAB25F3D03400BF32D8 /* SearchAlert.swift */ = {isa = PBXFileReference; lastKnownFileType = sourcecode.swift; path = SearchAlert.swift; sourceTree = "<group>"; };
		705F390825F0D2EC0077AAD7 /* Persistence.swift */ = {isa = PBXFileReference; lastKnownFileType = sourcecode.swift; path = Persistence.swift; sourceTree = "<group>"; };
		705F391125F0D77F0077AAD7 /* TodosList.xcdatamodel */ = {isa = PBXFileReference; lastKnownFileType = wrapper.xcdatamodel; path = TodosList.xcdatamodel; sourceTree = "<group>"; };
/* End PBXFileReference section */

/* Begin PBXFrameworksBuildPhase section */
		7016970D25EF726400F1B20E /* Frameworks */ = {
			isa = PBXFrameworksBuildPhase;
			buildActionMask = 2147483647;
			files = (
			);
			runOnlyForDeploymentPostprocessing = 0;
		};
/* End PBXFrameworksBuildPhase section */

/* Begin PBXGroup section */
		7016970725EF726400F1B20E = {
			isa = PBXGroup;
			children = (
				7016971225EF726400F1B20E /* TikTok Stats Profile */,
				7016971125EF726400F1B20E /* Products */,
			);
			sourceTree = "<group>";
		};
		7016971125EF726400F1B20E /* Products */ = {
			isa = PBXGroup;
			children = (
				7016971025EF726400F1B20E /* TikTok Stats Profile.app */,
			);
			name = Products;
			sourceTree = "<group>";
		};
		7016971225EF726400F1B20E /* TikTok Stats Profile */ = {
			isa = PBXGroup;
			children = (
				7016971325EF726400F1B20E /* TikTok_Stats_ProfileApp.swift */,
				7016971525EF726400F1B20E /* ContentView.swift */,
				705F390825F0D2EC0077AAD7 /* Persistence.swift */,
				7032FAAB25F3D03400BF32D8 /* SearchAlert.swift */,
				705F391025F0D77F0077AAD7 /* TodosList.xcdatamodeld */,
				7016971725EF726600F1B20E /* Assets.xcassets */,
				7016971C25EF726600F1B20E /* Info.plist */,
				7016971925EF726600F1B20E /* Preview Content */,
			);
			path = "TikTok Stats Profile";
			sourceTree = "<group>";
		};
		7016971925EF726600F1B20E /* Preview Content */ = {
			isa = PBXGroup;
			children = (
				7016971A25EF726600F1B20E /* Preview Assets.xcassets */,
			);
			path = "Preview Content";
			sourceTree = "<group>";
		};
/* End PBXGroup section */

/* Begin PBXNativeTarget section */
		7016970F25EF726400F1B20E /* TikTok Stats Profile */ = {
			isa = PBXNativeTarget;
			buildConfigurationList = 7016971F25EF726600F1B20E /* Build configuration list for PBXNativeTarget "TikTok Stats Profile" */;
			buildPhases = (
				7016970C25EF726400F1B20E /* Sources */,
				7016970D25EF726400F1B20E /* Frameworks */,
				7016970E25EF726400F1B20E /* Resources */,
			);
			buildRules = (
			);
			dependencies = (
			);
			name = "TikTok Stats Profile";
			productName = "TikTok Stats Profile";
			productReference = 7016971025EF726400F1B20E /* TikTok Stats Profile.app */;
			productType = "com.apple.product-type.application";
		};
/* End PBXNativeTarget section */

/* Begin PBXProject section */
		7016970825EF726400F1B20E /* Project object */ = {
			isa = PBXProject;
			attributes = {
				LastSwiftUpdateCheck = 1240;
				LastUpgradeCheck = 1240;
				TargetAttributes = {
					7016970F25EF726400F1B20E = {
						CreatedOnToolsVersion = 12.4;
					};
				};
			};
			buildConfigurationList = 7016970B25EF726400F1B20E /* Build configuration list for PBXProject "TikTok Stats Profile" */;
			compatibilityVersion = "Xcode 9.3";
			developmentRegion = en;
			hasScannedForEncodings = 0;
			knownRegions = (
				en,
				Base,
			);
			mainGroup = 7016970725EF726400F1B20E;
			productRefGroup = 7016971125EF726400F1B20E /* Products */;
			projectDirPath = "";
			projectRoot = "";
			targets = (
				7016970F25EF726400F1B20E /* TikTok Stats Profile */,
			);
		};
/* End PBXProject section */

/* Begin PBXResourcesBuildPhase section */
		7016970E25EF726400F1B20E /* Resources */ = {
			isa = PBXResourcesBuildPhase;
			buildActionMask = 2147483647;
			files = (
				7016971B25EF726600F1B20E /* Preview Assets.xcassets in Resources */,
				7016971825EF726600F1B20E /* Assets.xcassets in Resources */,
			);
			runOnlyForDeploymentPostprocessing = 0;
		};
/* End PBXResourcesBuildPhase section */

/* Begin PBXSourcesBuildPhase section */
		7016970C25EF726400F1B20E /* Sources */ = {
			isa = PBXSourcesBuildPhase;
			buildActionMask = 2147483647;
			files = (
				705F391225F0D77F0077AAD7 /* TodosList.xcdatamodeld in Sources */,
				7016971625EF726400F1B20E /* ContentView.swift in Sources */,
				7016971425EF726400F1B20E /* TikTok_Stats_ProfileApp.swift in Sources */,
				705F390925F0D2EC0077AAD7 /* Persistence.swift in Sources */,
				7032FAAC25F3D03400BF32D8 /* SearchAlert.swift in Sources */,
			);
			runOnlyForDeploymentPostprocessing = 0;
		};
/* End PBXSourcesBuildPhase section */

/* Begin XCBuildConfiguration section */
		7016971D25EF726600F1B20E /* Debug */ = {
			isa = XCBuildConfiguration;
			buildSettings = {
				ALWAYS_SEARCH_USER_PATHS = NO;
				CLANG_ANALYZER_NONNULL = YES;
				CLANG_ANALYZER_NUMBER_OBJECT_CONVERSION = YES_AGGRESSIVE;
				CLANG_CXX_LANGUAGE_STANDARD = "gnu++14";
				CLANG_CXX_LIBRARY = "libc++";
				CLANG_ENABLE_MODULES = YES;
				CLANG_ENABLE_OBJC_ARC = YES;
				CLANG_ENABLE_OBJC_WEAK = YES;
				CLANG_WARN_BLOCK_CAPTURE_AUTORELEASING = YES;
				CLANG_WARN_BOOL_CONVERSION = YES;
				CLANG_WARN_COMMA = YES;
				CLANG_WARN_CONSTANT_CONVERSION = YES;
				CLANG_WARN_DEPRECATED_OBJC_IMPLEMENTATIONS = YES;
				CLANG_WARN_DIRECT_OBJC_ISA_USAGE = YES_ERROR;
				CLANG_WARN_DOCUMENTATION_COMMENTS = YES;
				CLANG_WARN_EMPTY_BODY = YES;
				CLANG_WARN_ENUM_CONVERSION = YES;
				CLANG_WARN_INFINITE_RECURSION = YES;
				CLANG_WARN_INT_CONVERSION = YES;
				CLANG_WARN_NON_LITERAL_NULL_CONVERSION = YES;
				CLANG_WARN_OBJC_IMPLICIT_RETAIN_SELF = YES;
				CLANG_WARN_OBJC_LITERAL_CONVERSION = YES;
				CLANG_WARN_OBJC_ROOT_CLASS = YES_ERROR;
				CLANG_WARN_QUOTED_INCLUDE_IN_FRAMEWORK_HEADER = YES;
				CLANG_WARN_RANGE_LOOP_ANALYSIS = YES;
				CLANG_WARN_STRICT_PROTOTYPES = YES;
				CLANG_WARN_SUSPICIOUS_MOVE = YES;
				CLANG_WARN_UNGUARDED_AVAILABILITY = YES_AGGRESSIVE;
				CLANG_WARN_UNREACHABLE_CODE = YES;
				CLANG_WARN__DUPLICATE_METHOD_MATCH = YES;
				COPY_PHASE_STRIP = NO;
				DEBUG_INFORMATION_FORMAT = dwarf;
				ENABLE_STRICT_OBJC_MSGSEND = YES;
				ENABLE_TESTABILITY = YES;
				GCC_C_LANGUAGE_STANDARD = gnu11;
				GCC_DYNAMIC_NO_PIC = NO;
				GCC_NO_COMMON_BLOCKS = YES;
				GCC_OPTIMIZATION_LEVEL = 0;
				GCC_PREPROCESSOR_DEFINITIONS = (
					"DEBUG=1",
					"$(inherited)",
				);
				GCC_WARN_64_TO_32_BIT_CONVERSION = YES;
				GCC_WARN_ABOUT_RETURN_TYPE = YES_ERROR;
				GCC_WARN_UNDECLARED_SELECTOR = YES;
				GCC_WARN_UNINITIALIZED_AUTOS = YES_AGGRESSIVE;
				GCC_WARN_UNUSED_FUNCTION = YES;
				GCC_WARN_UNUSED_VARIABLE = YES;
				IPHONEOS_DEPLOYMENT_TARGET = 14.4;
				MTL_ENABLE_DEBUG_INFO = INCLUDE_SOURCE;
				MTL_FAST_MATH = YES;
				ONLY_ACTIVE_ARCH = YES;
				SDKROOT = iphoneos;
				SWIFT_ACTIVE_COMPILATION_CONDITIONS = DEBUG;
				SWIFT_OPTIMIZATION_LEVEL = "-Onone";
			};
			name = Debug;
		};
		7016971E25EF726600F1B20E /* Release */ = {
			isa = XCBuildConfiguration;
			buildSettings = {
				ALWAYS_SEARCH_USER_PATHS = NO;
				CLANG_ANALYZER_NONNULL = YES;
				CLANG_ANALYZER_NUMBER_OBJECT_CONVERSION = YES_AGGRESSIVE;
				CLANG_CXX_LANGUAGE_STANDARD = "gnu++14";
				CLANG_CXX_LIBRARY = "libc++";
				CLANG_ENABLE_MODULES = YES;
				CLANG_ENABLE_OBJC_ARC = YES;
				CLANG_ENABLE_OBJC_WEAK = YES;
				CLANG_WARN_BLOCK_CAPTURE_AUTORELEASING = YES;
				CLANG_WARN_BOOL_CONVERSION = YES;
				CLANG_WARN_COMMA = YES;
				CLANG_WARN_CONSTANT_CONVERSION = YES;
				CLANG_WARN_DEPRECATED_OBJC_IMPLEMENTATIONS = YES;
				CLANG_WARN_DIRECT_OBJC_ISA_USAGE = YES_ERROR;
				CLANG_WARN_DOCUMENTATION_COMMENTS = YES;
				CLANG_WARN_EMPTY_BODY = YES;
				CLANG_WARN_ENUM_CONVERSION = YES;
				CLANG_WARN_INFINITE_RECURSION = YES;
				CLANG_WARN_INT_CONVERSION = YES;
				CLANG_WARN_NON_LITERAL_NULL_CONVERSION = YES;
				CLANG_WARN_OBJC_IMPLICIT_RETAIN_SELF = YES;
				CLANG_WARN_OBJC_LITERAL_CONVERSION = YES;
				CLANG_WARN_OBJC_ROOT_CLASS = YES_ERROR;
				CLANG_WARN_QUOTED_INCLUDE_IN_FRAMEWORK_HEADER = YES;
				CLANG_WARN_RANGE_LOOP_ANALYSIS = YES;
				CLANG_WARN_STRICT_PROTOTYPES = YES;
				CLANG_WARN_SUSPICIOUS_MOVE = YES;
				CLANG_WARN_UNGUARDED_AVAILABILITY = YES_AGGRESSIVE;
				CLANG_WARN_UNREACHABLE_CODE = YES;
				CLANG_WARN__DUPLICATE_METHOD_MATCH = YES;
				COPY_PHASE_STRIP = NO;
				DEBUG_INFORMATION_FORMAT = "dwarf-with-dsym";
				ENABLE_NS_ASSERTIONS = NO;
				ENABLE_STRICT_OBJC_MSGSEND = YES;
				GCC_C_LANGUAGE_STANDARD = gnu11;
				GCC_NO_COMMON_BLOCKS = YES;
				GCC_WARN_64_TO_32_BIT_CONVERSION = YES;
				GCC_WARN_ABOUT_RETURN_TYPE = YES_ERROR;
				GCC_WARN_UNDECLARED_SELECTOR = YES;
				GCC_WARN_UNINITIALIZED_AUTOS = YES_AGGRESSIVE;
				GCC_WARN_UNUSED_FUNCTION = YES;
				GCC_WARN_UNUSED_VARIABLE = YES;
				IPHONEOS_DEPLOYMENT_TARGET = 14.4;
				MTL_ENABLE_DEBUG_INFO = NO;
				MTL_FAST_MATH = YES;
				SDKROOT = iphoneos;
				SWIFT_COMPILATION_MODE = wholemodule;
				SWIFT_OPTIMIZATION_LEVEL = "-O";
				VALIDATE_PRODUCT = YES;
			};
			name = Release;
		};
		7016972025EF726600F1B20E /* Debug */ = {
			isa = XCBuildConfiguration;
			buildSettings = {
				ASSETCATALOG_COMPILER_APPICON_NAME = AppIcon;
				ASSETCATALOG_COMPILER_GLOBAL_ACCENT_COLOR_NAME = AccentColor;
				CODE_SIGN_STYLE = Automatic;
				DEVELOPMENT_ASSET_PATHS = "\"TikTok Stats Profile/Preview Content\"";
				DEVELOPMENT_TEAM = C625QPFG8X;
				ENABLE_PREVIEWS = YES;
				INFOPLIST_FILE = "TikTok Stats Profile/Info.plist";
				IPHONEOS_DEPLOYMENT_TARGET = 14.0;
				LD_RUNPATH_SEARCH_PATHS = (
					"$(inherited)",
					"@executable_path/Frameworks",
				);
				PRODUCT_BUNDLE_IDENTIFIER = "com.arrinal.TikTok-Stats-Finder";
				PRODUCT_NAME = "$(TARGET_NAME)";
				SWIFT_VERSION = 5.0;
				TARGETED_DEVICE_FAMILY = 1;
			};
			name = Debug;
		};
		7016972125EF726600F1B20E /* Release */ = {
			isa = XCBuildConfiguration;
			buildSettings = {
				ASSETCATALOG_COMPILER_APPICON_NAME = AppIcon;
				ASSETCATALOG_COMPILER_GLOBAL_ACCENT_COLOR_NAME = AccentColor;
				CODE_SIGN_STYLE = Automatic;
				DEVELOPMENT_ASSET_PATHS = "\"TikTok Stats Profile/Preview Content\"";
				DEVELOPMENT_TEAM = C625QPFG8X;
				ENABLE_PREVIEWS = YES;
				INFOPLIST_FILE = "TikTok Stats Profile/Info.plist";
				IPHONEOS_DEPLOYMENT_TARGET = 14.0;
				LD_RUNPATH_SEARCH_PATHS = (
					"$(inherited)",
					"@executable_path/Frameworks",
				);
				PRODUCT_BUNDLE_IDENTIFIER = "com.arrinal.TikTok-Stats-Finder";
				PRODUCT_NAME = "$(TARGET_NAME)";
				SWIFT_VERSION = 5.0;
				TARGETED_DEVICE_FAMILY = 1;
			};
			name = Release;
		};
/* End XCBuildConfiguration section */

/* Begin XCConfigurationList section */
		7016970B25EF726400F1B20E /* Build configuration list for PBXProject "TikTok Stats Profile" */ = {
			isa = XCConfigurationList;
			buildConfigurations = (
				7016971D25EF726600F1B20E /* Debug */,
				7016971E25EF726600F1B20E /* Release */,
			);
			defaultConfigurationIsVisible = 0;
			defaultConfigurationName = Release;
		};
		7016971F25EF726600F1B20E /* Build configuration list for PBXNativeTarget "TikTok Stats Profile" */ = {
			isa = XCConfigurationList;
			buildConfigurations = (
				7016972025EF726600F1B20E /* Debug */,
				7016972125EF726600F1B20E /* Release */,
			);
			defaultConfigurationIsVisible = 0;
			defaultConfigurationName = Release;
		};
/* End XCConfigurationList section */

/* Begin XCVersionGroup section */
		705F391025F0D77F0077AAD7 /* TodosList.xcdatamodeld */ = {
			isa = XCVersionGroup;
			children = (
				705F391125F0D77F0077AAD7 /* TodosList.xcdatamodel */,
			);
			currentVersion = 705F391125F0D77F0077AAD7 /* TodosList.xcdatamodel */;
			path = TodosList.xcdatamodeld;
			sourceTree = "<group>";
			versionGroupType = wrapper.xcdatamodel;
		};
/* End XCVersionGroup section */
	};
	rootObject = 7016970825EF726400F1B20E /* Project object */;
}
